
Microsoft Visual Studio Solution File, Format Version 12.00
# Visual Studio 15
VisualStudioVersion = 15.0.28307.168
MinimumVisualStudioVersion = 10.0.40219.1
Project("{9A19103F-16F7-4668-BE54-9A1E7A4F7556}") = "ShoeShop", "ShoeShop\ShoeShop.csproj", "{545BC551-EBD6-434B-92AF-B1A568E573C2}"
EndProject
Project("{9A19103F-16F7-4668-BE54-9A1E7A4F7556}") = "Models", "Models\Models.csproj", "{9C08F06F-E63B-409C-9459-E033E94F42E2}"
EndProject
Project("{9A19103F-16F7-4668-BE54-9A1E7A4F7556}") = "Logic", "Logic\Logic.csproj", "{9AD8E629-76D5-43EA-A22C-DC06B26EE5D1}"
EndProject
Project("{9A19103F-16F7-4668-BE54-9A1E7A4F7556}") = "DAL", "DAL\DAL.csproj", "{CB8E12FD-0ADC-4EF8-AC58-7E6C44615730}"
EndProject
Project("{FAE04EC0-301F-11D3-BF4B-00C04F79EFBC}") = "LogicTests", "LogicTests\LogicTests.csproj", "{477D9B9B-5C79-437A-929F-D2ED9E31E194}"
EndProject
Global
	GlobalSection(SolutionConfigurationPlatforms) = preSolution
		Debug|Any CPU = Debug|Any CPU
		Debug|ARM = Debug|ARM
		Debug|ARM64 = Debug|ARM64
		Debug|x64 = Debug|x64
		Debug|x86 = Debug|x86
		Release|Any CPU = Release|Any CPU
		Release|ARM = Release|ARM
		Release|ARM64 = Release|ARM64
		Release|x64 = Release|x64
		Release|x86 = Release|x86
	EndGlobalSection
	GlobalSection(ProjectConfigurationPlatforms) = postSolution
		{545BC551-EBD6-434B-92AF-B1A568E573C2}.Debug|Any CPU.ActiveCfg = Debug|Any CPU
		{545BC551-EBD6-434B-92AF-B1A568E573C2}.Debug|Any CPU.Build.0 = Debug|Any CPU
		{545BC551-EBD6-434B-92AF-B1A568E573C2}.Debug|ARM.ActiveCfg = Debug|Any CPU
		{545BC551-EBD6-434B-92AF-B1A568E573C2}.Debug|ARM.Build.0 = Debug|Any CPU
		{545BC551-EBD6-434B-92AF-B1A568E573C2}.Debug|ARM64.ActiveCfg = Debug|Any CPU
		{545BC551-EBD6-434B-92AF-B1A568E573C2}.Debug|ARM64.Build.0 = Debug|Any CPU
		{545BC551-EBD6-434B-92AF-B1A568E573C2}.Debug|x64.ActiveCfg = Debug|Any CPU
		{545BC551-EBD6-434B-92AF-B1A568E573C2}.Debug|x64.Build.0 = Debug|Any CPU
		{545BC551-EBD6-434B-92AF-B1A568E573C2}.Debug|x86.ActiveCfg = Debug|Any CPU
		{545BC551-EBD6-434B-92AF-B1A568E573C2}.Debug|x86.Build.0 = Debug|Any CPU
		{545BC551-EBD6-434B-92AF-B1A568E573C2}.Release|Any CPU.ActiveCfg = Release|Any CPU
		{545BC551-EBD6-434B-92AF-B1A568E573C2}.Release|Any CPU.Build.0 = Release|Any CPU
		{545BC551-EBD6-434B-92AF-B1A568E573C2}.Release|ARM.ActiveCfg = Release|Any CPU
		{545BC551-EBD6-434B-92AF-B1A568E573C2}.Release|ARM.Build.0 = Release|Any CPU
		{545BC551-EBD6-434B-92AF-B1A568E573C2}.Release|ARM64.ActiveCfg = Release|Any CPU
		{545BC551-EBD6-434B-92AF-B1A568E573C2}.Release|ARM64.Build.0 = Release|Any CPU
		{545BC551-EBD6-434B-92AF-B1A568E573C2}.Release|x64.ActiveCfg = Release|Any CPU
		{545BC551-EBD6-434B-92AF-B1A568E573C2}.Release|x64.Build.0 = Release|Any CPU
		{545BC551-EBD6-434B-92AF-B1A568E573C2}.Release|x86.ActiveCfg = Release|Any CPU
		{545BC551-EBD6-434B-92AF-B1A568E573C2}.Release|x86.Build.0 = Release|Any CPU
		{9C08F06F-E63B-409C-9459-E033E94F42E2}.Debug|Any CPU.ActiveCfg = Debug|Any CPU
		{9C08F06F-E63B-409C-9459-E033E94F42E2}.Debug|Any CPU.Build.0 = Debug|Any CPU
		{9C08F06F-E63B-409C-9459-E033E94F42E2}.Debug|ARM.ActiveCfg = Debug|Any CPU
		{9C08F06F-E63B-409C-9459-E033E94F42E2}.Debug|ARM.Build.0 = Debug|Any CPU
		{9C08F06F-E63B-409C-9459-E033E94F42E2}.Debug|ARM64.ActiveCfg = Debug|Any CPU
		{9C08F06F-E63B-409C-9459-E033E94F42E2}.Debug|ARM64.Build.0 = Debug|Any CPU
		{9C08F06F-E63B-409C-9459-E033E94F42E2}.Debug|x64.ActiveCfg = Debug|Any CPU
		{9C08F06F-E63B-409C-9459-E033E94F42E2}.Debug|x64.Build.0 = Debug|Any CPU
		{9C08F06F-E63B-409C-9459-E033E94F42E2}.Debug|x86.ActiveCfg = Debug|Any CPU
		{9C08F06F-E63B-409C-9459-E033E94F42E2}.Debug|x86.Build.0 = Debug|Any CPU
		{9C08F06F-E63B-409C-9459-E033E94F42E2}.Release|Any CPU.ActiveCfg = Release|Any CPU
		{9C08F06F-E63B-409C-9459-E033E94F42E2}.Release|Any CPU.Build.0 = Release|Any CPU
		{9C08F06F-E63B-409C-9459-E033E94F42E2}.Release|ARM.ActiveCfg = Release|Any CPU
		{9C08F06F-E63B-409C-9459-E033E94F42E2}.Release|ARM.Build.0 = Release|Any CPU
		{9C08F06F-E63B-409C-9459-E033E94F42E2}.Release|ARM64.ActiveCfg = Release|Any CPU
		{9C08F06F-E63B-409C-9459-E033E94F42E2}.Release|ARM64.Build.0 = Release|Any CPU
		{9C08F06F-E63B-409C-9459-E033E94F42E2}.Release|x64.ActiveCfg = Release|Any CPU
		{9C08F06F-E63B-409C-9459-E033E94F42E2}.Release|x64.Build.0 = Release|Any CPU
		{9C08F06F-E63B-409C-9459-E033E94F42E2}.Release|x86.ActiveCfg = Release|Any CPU
		{9C08F06F-E63B-409C-9459-E033E94F42E2}.Release|x86.Build.0 = Release|Any CPU
		{9AD8E629-76D5-43EA-A22C-DC06B26EE5D1}.Debug|Any CPU.ActiveCfg = Debug|Any CPU
		{9AD8E629-76D5-43EA-A22C-DC06B26EE5D1}.Debug|Any CPU.Build.0 = Debug|Any CPU
		{9AD8E629-76D5-43EA-A22C-DC06B26EE5D1}.Debug|ARM.ActiveCfg = Debug|Any CPU
		{9AD8E629-76D5-43EA-A22C-DC06B26EE5D1}.Debug|ARM.Build.0 = Debug|Any CPU
		{9AD8E629-76D5-43EA-A22C-DC06B26EE5D1}.Debug|ARM64.ActiveCfg = Debug|Any CPU
		{9AD8E629-76D5-43EA-A22C-DC06B26EE5D1}.Debug|ARM64.Build.0 = Debug|Any CPU
		{9AD8E629-76D5-43EA-A22C-DC06B26EE5D1}.Debug|x64.ActiveCfg = Debug|Any CPU
		{9AD8E629-76D5-43EA-A22C-DC06B26EE5D1}.Debug|x64.Build.0 = Debug|Any CPU
		{9AD8E629-76D5-43EA-A22C-DC06B26EE5D1}.Debug|x86.ActiveCfg = Debug|Any CPU
		{9AD8E629-76D5-43EA-A22C-DC06B26EE5D1}.Debug|x86.Build.0 = Debug|Any CPU
		{9AD8E629-76D5-43EA-A22C-DC06B26EE5D1}.Release|Any CPU.ActiveCfg = Release|Any CPU
		{9AD8E629-76D5-43EA-A22C-DC06B26EE5D1}.Release|Any CPU.Build.0 = Release|Any CPU
		{9AD8E629-76D5-43EA-A22C-DC06B26EE5D1}.Release|ARM.ActiveCfg = Release|Any CPU
		{9AD8E629-76D5-43EA-A22C-DC06B26EE5D1}.Release|ARM.Build.0 = Release|Any CPU
		{9AD8E629-76D5-43EA-A22C-DC06B26EE5D1}.Release|ARM64.ActiveCfg = Release|Any CPU
		{9AD8E629-76D5-43EA-A22C-DC06B26EE5D1}.Release|ARM64.Build.0 = Release|Any CPU
		{9AD8E629-76D5-43EA-A22C-DC06B26EE5D1}.Release|x64.ActiveCfg = Release|Any CPU
		{9AD8E629-76D5-43EA-A22C-DC06B26EE5D1}.Release|x64.Build.0 = Release|Any CPU
		{9AD8E629-76D5-43EA-A22C-DC06B26EE5D1}.Release|x86.ActiveCfg = Release|Any CPU
		{9AD8E629-76D5-43EA-A22C-DC06B26EE5D1}.Release|x86.Build.0 = Release|Any CPU
		{CB8E12FD-0ADC-4EF8-AC58-7E6C44615730}.Debug|Any CPU.ActiveCfg = Debug|Any CPU
		{CB8E12FD-0ADC-4EF8-AC58-7E6C44615730}.Debug|Any CPU.Build.0 = Debug|Any CPU
		{CB8E12FD-0ADC-4EF8-AC58-7E6C44615730}.Debug|ARM.ActiveCfg = Debug|Any CPU
		{CB8E12FD-0ADC-4EF8-AC58-7E6C44615730}.Debug|ARM.Build.0 = Debug|Any CPU
		{CB8E12FD-0ADC-4EF8-AC58-7E6C44615730}.Debug|ARM64.ActiveCfg = Debug|Any CPU
		{CB8E12FD-0ADC-4EF8-AC58-7E6C44615730}.Debug|ARM64.Build.0 = Debug|Any CPU
		{CB8E12FD-0ADC-4EF8-AC58-7E6C44615730}.Debug|x64.ActiveCfg = Debug|Any CPU
		{CB8E12FD-0ADC-4EF8-AC58-7E6C44615730}.Debug|x64.Build.0 = Debug|Any CPU
		{CB8E12FD-0ADC-4EF8-AC58-7E6C44615730}.Debug|x86.ActiveCfg = Debug|Any CPU
		{CB8E12FD-0ADC-4EF8-AC58-7E6C44615730}.Debug|x86.Build.0 = Debug|Any CPU
		{CB8E12FD-0ADC-4EF8-AC58-7E6C44615730}.Release|Any CPU.ActiveCfg = Release|Any CPU
		{CB8E12FD-0ADC-4EF8-AC58-7E6C44615730}.Release|Any CPU.Build.0 = Release|Any CPU
		{CB8E12FD-0ADC-4EF8-AC58-7E6C44615730}.Release|ARM.ActiveCfg = Release|Any CPU
		{CB8E12FD-0ADC-4EF8-AC58-7E6C44615730}.Release|ARM.Build.0 = Release|Any CPU
		{CB8E12FD-0ADC-4EF8-AC58-7E6C44615730}.Release|ARM64.ActiveCfg = Release|Any CPU
		{CB8E12FD-0ADC-4EF8-AC58-7E6C44615730}.Release|ARM64.Build.0 = Release|Any CPU
		{CB8E12FD-0ADC-4EF8-AC58-7E6C44615730}.Release|x64.ActiveCfg = Release|Any CPU
		{CB8E12FD-0ADC-4EF8-AC58-7E6C44615730}.Release|x64.Build.0 = Release|Any CPU
		{CB8E12FD-0ADC-4EF8-AC58-7E6C44615730}.Release|x86.ActiveCfg = Release|Any CPU
		{CB8E12FD-0ADC-4EF8-AC58-7E6C44615730}.Release|x86.Build.0 = Release|Any CPU
		{477D9B9B-5C79-437A-929F-D2ED9E31E194}.Debug|Any CPU.ActiveCfg = Debug|Any CPU
		{477D9B9B-5C79-437A-929F-D2ED9E31E194}.Debug|Any CPU.Build.0 = Debug|Any CPU
		{477D9B9B-5C79-437A-929F-D2ED9E31E194}.Debug|ARM.ActiveCfg = Debug|Any CPU
		{477D9B9B-5C79-437A-929F-D2ED9E31E194}.Debug|ARM.Build.0 = Debug|Any CPU
		{477D9B9B-5C79-437A-929F-D2ED9E31E194}.Debug|ARM64.ActiveCfg = Debug|Any CPU
		{477D9B9B-5C79-437A-929F-D2ED9E31E194}.Debug|ARM64.Build.0 = Debug|Any CPU
		{477D9B9B-5C79-437A-929F-D2ED9E31E194}.Debug|x64.ActiveCfg = Debug|Any CPU
		{477D9B9B-5C79-437A-929F-D2ED9E31E194}.Debug|x64.Build.0 = Debug|Any CPU
		{477D9B9B-5C79-437A-929F-D2ED9E31E194}.Debug|x86.ActiveCfg = Debug|Any CPU
		{477D9B9B-5C79-437A-929F-D2ED9E31E194}.Debug|x86.Build.0 = Debug|Any CPU
		{477D9B9B-5C79-437A-929F-D2ED9E31E194}.Release|Any CPU.ActiveCfg = Release|Any CPU
		{477D9B9B-5C79-437A-929F-D2ED9E31E194}.Release|Any CPU.Build.0 = Release|Any CPU
		{477D9B9B-5C79-437A-929F-D2ED9E31E194}.Release|ARM.ActiveCfg = Release|Any CPU
		{477D9B9B-5C79-437A-929F-D2ED9E31E194}.Release|ARM.Build.0 = Release|Any CPU
		{477D9B9B-5C79-437A-929F-D2ED9E31E194}.Release|ARM64.ActiveCfg = Release|Any CPU
		{477D9B9B-5C79-437A-929F-D2ED9E31E194}.Release|ARM64.Build.0 = Release|Any CPU
		{477D9B9B-5C79-437A-929F-D2ED9E31E194}.Release|x64.ActiveCfg = Release|Any CPU
		{477D9B9B-5C79-437A-929F-D2ED9E31E194}.Release|x64.Build.0 = Release|Any CPU
		{477D9B9B-5C79-437A-929F-D2ED9E31E194}.Release|x86.ActiveCfg = Release|Any CPU
		{477D9B9B-5C79-437A-929F-D2ED9E31E194}.Release|x86.Build.0 = Release|Any CPU
	EndGlobalSection
	GlobalSection(SolutionProperties) = preSolution
		HideSolutionNode = FALSE
	EndGlobalSection
	GlobalSection(ExtensibilityGlobals) = postSolution
		SolutionGuid = {552D8C83-8AE1-461C-9A79-43700FA85055}
	EndGlobalSection
EndGlobal
